
Microsoft Visual Studio Solution File, Format Version 12.00
Project("{FAE04EC0-301F-11D3-BF4B-00C04F79EFBC}") = "MyFirstWebAPI", "MyFirstWebAPI.csproj", "{EA5F65CA-5622-458D-B483-E53FD9F18066}"
EndProject
Global
	GlobalSection(SolutionConfigurationPlatforms) = preSolution
		Debug|Any CPU = Debug|Any CPU
		Release|Any CPU = Release|Any CPU
	EndGlobalSection
	GlobalSection(ProjectConfigurationPlatforms) = postSolution
		{EA5F65CA-5622-458D-B483-E53FD9F18066}.Debug|Any CPU.ActiveCfg = Debug|Any CPU
		{EA5F65CA-5622-458D-B483-E53FD9F18066}.Debug|Any CPU.Build.0 = Debug|Any CPU
		{EA5F65CA-5622-458D-B483-E53FD9F18066}.Release|Any CPU.ActiveCfg = Release|Any CPU
		{EA5F65CA-5622-458D-B483-E53FD9F18066}.Release|Any CPU.Build.0 = Release|Any CPU
	EndGlobalSection
EndGlobal
